
Microsoft Visual Studio Solution File, Format Version 12.00
# Visual Studio Version 16
VisualStudioVersion = 16.0.29806.167
MinimumVisualStudioVersion = 15.0.26124.0
Project("{9A19103F-16F7-4668-BE54-9A1E7A4F7556}") = "WeatherForecast.Api", "WeatherForecast.Api\WeatherForecast.Api.csproj", "{1C7DB023-3ABD-4517-B679-435F556DDF1C}"
EndProject
Project("{9A19103F-16F7-4668-BE54-9A1E7A4F7556}") = "WeatherForecast.Api.Test", "WeatherForecast.Api.Test\WeatherForecast.Api.Test.csproj", "{B0C56AF8-2297-438E-9494-0B34289B1E03}"
EndProject
Project("{9A19103F-16F7-4668-BE54-9A1E7A4F7556}") = "WeatherForecast.ExternalServices", "WeatherForecast.ExternalServices\WeatherForecast.ExternalServices.csproj", "{AD2755EB-ABFB-4339-B93C-3A5A7C182585}"
EndProject
Project("{2150E333-8FDC-42A3-9474-1A3956D46DE8}") = "Solution Items", "Solution Items", "{C71E7403-3ECA-41AE-8A5E-0943C44990FD}"
	ProjectSection(SolutionItems) = preProject
		README.md = README.md
	EndProjectSection
EndProject
Global
	GlobalSection(SolutionConfigurationPlatforms) = preSolution
		Debug|Any CPU = Debug|Any CPU
		Debug|x64 = Debug|x64
		Debug|x86 = Debug|x86
		Release|Any CPU = Release|Any CPU
		Release|x64 = Release|x64
		Release|x86 = Release|x86
	EndGlobalSection
	GlobalSection(ProjectConfigurationPlatforms) = postSolution
		{1C7DB023-3ABD-4517-B679-435F556DDF1C}.Debug|Any CPU.ActiveCfg = Debug|Any CPU
		{1C7DB023-3ABD-4517-B679-435F556DDF1C}.Debug|Any CPU.Build.0 = Debug|Any CPU
		{1C7DB023-3ABD-4517-B679-435F556DDF1C}.Debug|x64.ActiveCfg = Debug|Any CPU
		{1C7DB023-3ABD-4517-B679-435F556DDF1C}.Debug|x64.Build.0 = Debug|Any CPU
		{1C7DB023-3ABD-4517-B679-435F556DDF1C}.Debug|x86.ActiveCfg = Debug|Any CPU
		{1C7DB023-3ABD-4517-B679-435F556DDF1C}.Debug|x86.Build.0 = Debug|Any CPU
		{1C7DB023-3ABD-4517-B679-435F556DDF1C}.Release|Any CPU.ActiveCfg = Release|Any CPU
		{1C7DB023-3ABD-4517-B679-435F556DDF1C}.Release|Any CPU.Build.0 = Release|Any CPU
		{1C7DB023-3ABD-4517-B679-435F556DDF1C}.Release|x64.ActiveCfg = Release|Any CPU
		{1C7DB023-3ABD-4517-B679-435F556DDF1C}.Release|x64.Build.0 = Release|Any CPU
		{1C7DB023-3ABD-4517-B679-435F556DDF1C}.Release|x86.ActiveCfg = Release|Any CPU
		{1C7DB023-3ABD-4517-B679-435F556DDF1C}.Release|x86.Build.0 = Release|Any CPU
		{B0C56AF8-2297-438E-9494-0B34289B1E03}.Debug|Any CPU.ActiveCfg = Debug|Any CPU
		{B0C56AF8-2297-438E-9494-0B34289B1E03}.Debug|Any CPU.Build.0 = Debug|Any CPU
		{B0C56AF8-2297-438E-9494-0B34289B1E03}.Debug|x64.ActiveCfg = Debug|Any CPU
		{B0C56AF8-2297-438E-9494-0B34289B1E03}.Debug|x64.Build.0 = Debug|Any CPU
		{B0C56AF8-2297-438E-9494-0B34289B1E03}.Debug|x86.ActiveCfg = Debug|Any CPU
		{B0C56AF8-2297-438E-9494-0B34289B1E03}.Debug|x86.Build.0 = Debug|Any CPU
		{B0C56AF8-2297-438E-9494-0B34289B1E03}.Release|Any CPU.ActiveCfg = Release|Any CPU
		{B0C56AF8-2297-438E-9494-0B34289B1E03}.Release|Any CPU.Build.0 = Release|Any CPU
		{B0C56AF8-2297-438E-9494-0B34289B1E03}.Release|x64.ActiveCfg = Release|Any CPU
		{B0C56AF8-2297-438E-9494-0B34289B1E03}.Release|x64.Build.0 = Release|Any CPU
		{B0C56AF8-2297-438E-9494-0B34289B1E03}.Release|x86.ActiveCfg = Release|Any CPU
		{B0C56AF8-2297-438E-9494-0B34289B1E03}.Release|x86.Build.0 = Release|Any CPU
		{AD2755EB-ABFB-4339-B93C-3A5A7C182585}.Debug|Any CPU.ActiveCfg = Debug|Any CPU
		{AD2755EB-ABFB-4339-B93C-3A5A7C182585}.Debug|Any CPU.Build.0 = Debug|Any CPU
		{AD2755EB-ABFB-4339-B93C-3A5A7C182585}.Debug|x64.ActiveCfg = Debug|Any CPU
		{AD2755EB-ABFB-4339-B93C-3A5A7C182585}.Debug|x64.Build.0 = Debug|Any CPU
		{AD2755EB-ABFB-4339-B93C-3A5A7C182585}.Debug|x86.ActiveCfg = Debug|Any CPU
		{AD2755EB-ABFB-4339-B93C-3A5A7C182585}.Debug|x86.Build.0 = Debug|Any CPU
		{AD2755EB-ABFB-4339-B93C-3A5A7C182585}.Release|Any CPU.ActiveCfg = Release|Any CPU
		{AD2755EB-ABFB-4339-B93C-3A5A7C182585}.Release|Any CPU.Build.0 = Release|Any CPU
		{AD2755EB-ABFB-4339-B93C-3A5A7C182585}.Release|x64.ActiveCfg = Release|Any CPU
		{AD2755EB-ABFB-4339-B93C-3A5A7C182585}.Release|x64.Build.0 = Release|Any CPU
		{AD2755EB-ABFB-4339-B93C-3A5A7C182585}.Release|x86.ActiveCfg = Release|Any CPU
		{AD2755EB-ABFB-4339-B93C-3A5A7C182585}.Release|x86.Build.0 = Release|Any CPU
	EndGlobalSection
	GlobalSection(SolutionProperties) = preSolution
		HideSolutionNode = FALSE
	EndGlobalSection
	GlobalSection(ExtensibilityGlobals) = postSolution
		SolutionGuid = {4283382E-4674-42CD-AEFC-E899E4F0E449}
	EndGlobalSection
EndGlobal
